
Microsoft Visual Studio Solution File, Format Version 12.00
# Visual Studio Version 16
VisualStudioVersion = 16.0.30804.86
MinimumVisualStudioVersion = 10.0.40219.1
Project("{9A19103F-16F7-4668-BE54-9A1E7A4F7556}") = "Starforge", "Starforge\Starforge.csproj", "{B7E0FBC8-91F0-4EC2-B814-EE7B8FD56D02}"
EndProject
Project("{9A19103F-16F7-4668-BE54-9A1E7A4F7556}") = "Starforge.Vanilla", "Starforge.Vanilla\Starforge.Vanilla.csproj", "{5871BB0E-E81C-4B40-B47E-5D4BC3F1789D}"
	ProjectSection(ProjectDependencies) = postProject
		{B7E0FBC8-91F0-4EC2-B814-EE7B8FD56D02} = {B7E0FBC8-91F0-4EC2-B814-EE7B8FD56D02}
	EndProjectSection
EndProject
Global
	GlobalSection(SolutionConfigurationPlatforms) = preSolution
		Debug|Any CPU = Debug|Any CPU
		Debug|x86 = Debug|x86
		Release|Any CPU = Release|Any CPU
		Release|x86 = Release|x86
	EndGlobalSection
	GlobalSection(ProjectConfigurationPlatforms) = postSolution
		{B7E0FBC8-91F0-4EC2-B814-EE7B8FD56D02}.Debug|Any CPU.ActiveCfg = Debug|x86
		{B7E0FBC8-91F0-4EC2-B814-EE7B8FD56D02}.Debug|x86.ActiveCfg = Debug|x86
		{B7E0FBC8-91F0-4EC2-B814-EE7B8FD56D02}.Debug|x86.Build.0 = Debug|x86
		{B7E0FBC8-91F0-4EC2-B814-EE7B8FD56D02}.Release|Any CPU.ActiveCfg = Release|x86
		{B7E0FBC8-91F0-4EC2-B814-EE7B8FD56D02}.Release|x86.ActiveCfg = Release|x86
		{B7E0FBC8-91F0-4EC2-B814-EE7B8FD56D02}.Release|x86.Build.0 = Release|x86
		{5871BB0E-E81C-4B40-B47E-5D4BC3F1789D}.Debug|Any CPU.ActiveCfg = Debug|x86
		{5871BB0E-E81C-4B40-B47E-5D4BC3F1789D}.Debug|Any CPU.Build.0 = Debug|x86
		{5871BB0E-E81C-4B40-B47E-5D4BC3F1789D}.Debug|x86.ActiveCfg = Debug|x86
		{5871BB0E-E81C-4B40-B47E-5D4BC3F1789D}.Debug|x86.Build.0 = Debug|x86
		{5871BB0E-E81C-4B40-B47E-5D4BC3F1789D}.Release|Any CPU.ActiveCfg = Release|Any CPU
		{5871BB0E-E81C-4B40-B47E-5D4BC3F1789D}.Release|Any CPU.Build.0 = Release|Any CPU
		{5871BB0E-E81C-4B40-B47E-5D4BC3F1789D}.Release|x86.ActiveCfg = Release|Any CPU
		{5871BB0E-E81C-4B40-B47E-5D4BC3F1789D}.Release|x86.Build.0 = Release|Any CPU
	EndGlobalSection
	GlobalSection(SolutionProperties) = preSolution
		HideSolutionNode = FALSE
	EndGlobalSection
	GlobalSection(ExtensibilityGlobals) = postSolution
		SolutionGuid = {6D6402D8-2FFA-42EB-8B6A-5BA2D6682E75}
	EndGlobalSection
EndGlobal
