
Microsoft Visual Studio Solution File, Format Version 12.00
# Visual Studio Version 16
VisualStudioVersion = 16.0.30717.126
MinimumVisualStudioVersion = 10.0.40219.1
Project("{FAE04EC0-301F-11D3-BF4B-00C04F79EFBC}") = "Starforge", "Starforge\Starforge.csproj", "{F4DD5DF9-6688-4667-A13D-6E6FD3FC7369}"
EndProject
Project("{FAE04EC0-301F-11D3-BF4B-00C04F79EFBC}") = "Starforge.Vanilla", "Starforge.Vanilla\Starforge.Vanilla.csproj", "{72E25310-E160-4839-A0C5-1BA231A25658}"
EndProject
Global
	GlobalSection(SolutionConfigurationPlatforms) = preSolution
		Debug|Any CPU = Debug|Any CPU
		Release|Any CPU = Release|Any CPU
	EndGlobalSection
	GlobalSection(ProjectConfigurationPlatforms) = postSolution
		{F4DD5DF9-6688-4667-A13D-6E6FD3FC7369}.Debug|Any CPU.ActiveCfg = Debug|Any CPU
		{F4DD5DF9-6688-4667-A13D-6E6FD3FC7369}.Debug|Any CPU.Build.0 = Debug|Any CPU
		{F4DD5DF9-6688-4667-A13D-6E6FD3FC7369}.Release|Any CPU.ActiveCfg = Release|Any CPU
		{F4DD5DF9-6688-4667-A13D-6E6FD3FC7369}.Release|Any CPU.Build.0 = Release|Any CPU
		{72E25310-E160-4839-A0C5-1BA231A25658}.Debug|Any CPU.ActiveCfg = Debug|Any CPU
		{72E25310-E160-4839-A0C5-1BA231A25658}.Debug|Any CPU.Build.0 = Debug|Any CPU
		{72E25310-E160-4839-A0C5-1BA231A25658}.Release|Any CPU.ActiveCfg = Release|Any CPU
		{72E25310-E160-4839-A0C5-1BA231A25658}.Release|Any CPU.Build.0 = Release|Any CPU
	EndGlobalSection
	GlobalSection(SolutionProperties) = preSolution
		HideSolutionNode = FALSE
	EndGlobalSection
	GlobalSection(ExtensibilityGlobals) = postSolution
		SolutionGuid = {41567379-EBBA-4919-8B1F-B5C7FE21679F}
	EndGlobalSection
EndGlobal
